// !$*UTF8*$!
{
	archiveVersion = 1;
	classes = {
	};
	objectVersion = 50;
	objects = {

/* Begin PBXBuildFile section */
		8D5E20AC20C2837D008E6D70 /* AppDelegate.swift in Sources */ = {isa = PBXBuildFile; fileRef = 8D5E20AB20C2837D008E6D70 /* AppDelegate.swift */; };
		8D5E20AE20C2837D008E6D70 /* ViewController.swift in Sources */ = {isa = PBXBuildFile; fileRef = 8D5E20AD20C2837D008E6D70 /* ViewController.swift */; };
		8D5E20B120C2837D008E6D70 /* Main.storyboard in Resources */ = {isa = PBXBuildFile; fileRef = 8D5E20AF20C2837D008E6D70 /* Main.storyboard */; };
		8D5E20B420C2837D008E6D70 /* Werkstuk_2.xcdatamodeld in Sources */ = {isa = PBXBuildFile; fileRef = 8D5E20B220C2837D008E6D70 /* Werkstuk_2.xcdatamodeld */; };
		8D5E20B620C2837E008E6D70 /* Assets.xcassets in Resources */ = {isa = PBXBuildFile; fileRef = 8D5E20B520C2837E008E6D70 /* Assets.xcassets */; };
		8D5E20B920C2837E008E6D70 /* LaunchScreen.storyboard in Resources */ = {isa = PBXBuildFile; fileRef = 8D5E20B720C2837E008E6D70 /* LaunchScreen.storyboard */; };
		8D5E20C420C2837F008E6D70 /* Werkstuk_2Tests.swift in Sources */ = {isa = PBXBuildFile; fileRef = 8D5E20C320C2837F008E6D70 /* Werkstuk_2Tests.swift */; };
		8D5E20CF20C2837F008E6D70 /* Werkstuk_2UITests.swift in Sources */ = {isa = PBXBuildFile; fileRef = 8D5E20CE20C2837F008E6D70 /* Werkstuk_2UITests.swift */; };
/* End PBXBuildFile section */

/* Begin PBXContainerItemProxy section */
		8D5E20C020C2837F008E6D70 /* PBXContainerItemProxy */ = {
			isa = PBXContainerItemProxy;
			containerPortal = 8D5E20A020C2837D008E6D70 /* Project object */;
			proxyType = 1;
			remoteGlobalIDString = 8D5E20A720C2837D008E6D70;
			remoteInfo = Werkstuk_2;
		};
		8D5E20CB20C2837F008E6D70 /* PBXContainerItemProxy */ = {
			isa = PBXContainerItemProxy;
			containerPortal = 8D5E20A020C2837D008E6D70 /* Project object */;
			proxyType = 1;
			remoteGlobalIDString = 8D5E20A720C2837D008E6D70;
			remoteInfo = Werkstuk_2;
		};
/* End PBXContainerItemProxy section */

/* Begin PBXFileReference section */
		8D5E20A820C2837D008E6D70 /* Werkstuk_2.app */ = {isa = PBXFileReference; explicitFileType = wrapper.application; includeInIndex = 0; path = Werkstuk_2.app; sourceTree = BUILT_PRODUCTS_DIR; };
		8D5E20AB20C2837D008E6D70 /* AppDelegate.swift */ = {isa = PBXFileReference; lastKnownFileType = sourcecode.swift; path = AppDelegate.swift; sourceTree = "<group>"; };
		8D5E20AD20C2837D008E6D70 /* ViewController.swift */ = {isa = PBXFileReference; lastKnownFileType = sourcecode.swift; path = ViewController.swift; sourceTree = "<group>"; };
		8D5E20B020C2837D008E6D70 /* Base */ = {isa = PBXFileReference; lastKnownFileType = file.storyboard; name = Base; path = Base.lproj/Main.storyboard; sourceTree = "<group>"; };
		8D5E20B320C2837D008E6D70 /* Werkstuk_2.xcdatamodel */ = {isa = PBXFileReference; lastKnownFileType = wrapper.xcdatamodel; path = Werkstuk_2.xcdatamodel; sourceTree = "<group>"; };
		8D5E20B520C2837E008E6D70 /* Assets.xcassets */ = {isa = PBXFileReference; lastKnownFileType = folder.assetcatalog; path = Assets.xcassets; sourceTree = "<group>"; };
		8D5E20B820C2837E008E6D70 /* Base */ = {isa = PBXFileReference; lastKnownFileType = file.storyboard; name = Base; path = Base.lproj/LaunchScreen.storyboard; sourceTree = "<group>"; };
		8D5E20BA20C2837E008E6D70 /* Info.plist */ = {isa = PBXFileReference; lastKnownFileType = text.plist.xml; path = Info.plist; sourceTree = "<group>"; };
		8D5E20BF20C2837F008E6D70 /* Werkstuk_2Tests.xctest */ = {isa = PBXFileReference; explicitFileType = wrapper.cfbundle; includeInIndex = 0; path = Werkstuk_2Tests.xctest; sourceTree = BUILT_PRODUCTS_DIR; };
		8D5E20C320C2837F008E6D70 /* Werkstuk_2Tests.swift */ = {isa = PBXFileReference; lastKnownFileType = sourcecode.swift; path = Werkstuk_2Tests.swift; sourceTree = "<group>"; };
		8D5E20C520C2837F008E6D70 /* Info.plist */ = {isa = PBXFileReference; lastKnownFileType = text.plist.xml; path = Info.plist; sourceTree = "<group>"; };
		8D5E20CA20C2837F008E6D70 /* Werkstuk_2UITests.xctest */ = {isa = PBXFileReference; explicitFileType = wrapper.cfbundle; includeInIndex = 0; path = Werkstuk_2UITests.xctest; sourceTree = BUILT_PRODUCTS_DIR; };
		8D5E20CE20C2837F008E6D70 /* Werkstuk_2UITests.swift */ = {isa = PBXFileReference; lastKnownFileType = sourcecode.swift; path = Werkstuk_2UITests.swift; sourceTree = "<group>"; };
		8D5E20D020C2837F008E6D70 /* Info.plist */ = {isa = PBXFileReference; lastKnownFileType = text.plist.xml; path = Info.plist; sourceTree = "<group>"; };
/* End PBXFileReference section */

/* Begin PBXFrameworksBuildPhase section */
		8D5E20A520C2837D008E6D70 /* Frameworks */ = {
			isa = PBXFrameworksBuildPhase;
			buildActionMask = 2147483647;
			files = (
			);
			runOnlyForDeploymentPostprocessing = 0;
		};
		8D5E20BC20C2837F008E6D70 /* Frameworks */ = {
			isa = PBXFrameworksBuildPhase;
			buildActionMask = 2147483647;
			files = (
			);
			runOnlyForDeploymentPostprocessing = 0;
		};
		8D5E20C720C2837F008E6D70 /* Frameworks */ = {
			isa = PBXFrameworksBuildPhase;
			buildActionMask = 2147483647;
			files = (
			);
			runOnlyForDeploymentPostprocessing = 0;
		};
/* End PBXFrameworksBuildPhase section */

/* Begin PBXGroup section */
		8D5E209F20C2837D008E6D70 = {
			isa = PBXGroup;
			children = (
				8D5E20AA20C2837D008E6D70 /* Werkstuk_2 */,
				8D5E20C220C2837F008E6D70 /* Werkstuk_2Tests */,
				8D5E20CD20C2837F008E6D70 /* Werkstuk_2UITests */,
				8D5E20A920C2837D008E6D70 /* Products */,
			);
			sourceTree = "<group>";
		};
		8D5E20A920C2837D008E6D70 /* Products */ = {
			isa = PBXGroup;
			children = (
				8D5E20A820C2837D008E6D70 /* Werkstuk_2.app */,
				8D5E20BF20C2837F008E6D70 /* Werkstuk_2Tests.xctest */,
				8D5E20CA20C2837F008E6D70 /* Werkstuk_2UITests.xctest */,
			);
			name = Products;
			sourceTree = "<group>";
		};
		8D5E20AA20C2837D008E6D70 /* Werkstuk_2 */ = {
			isa = PBXGroup;
			children = (
				8D5E20AB20C2837D008E6D70 /* AppDelegate.swift */,
				8D5E20AD20C2837D008E6D70 /* ViewController.swift */,
				8D5E20AF20C2837D008E6D70 /* Main.storyboard */,
				8D5E20B520C2837E008E6D70 /* Assets.xcassets */,
				8D5E20B720C2837E008E6D70 /* LaunchScreen.storyboard */,
				8D5E20BA20C2837E008E6D70 /* Info.plist */,
				8D5E20B220C2837D008E6D70 /* Werkstuk_2.xcdatamodeld */,
			);
			path = Werkstuk_2;
			sourceTree = "<group>";
		};
		8D5E20C220C2837F008E6D70 /* Werkstuk_2Tests */ = {
			isa = PBXGroup;
			children = (
				8D5E20C320C2837F008E6D70 /* Werkstuk_2Tests.swift */,
				8D5E20C520C2837F008E6D70 /* Info.plist */,
			);
			path = Werkstuk_2Tests;
			sourceTree = "<group>";
		};
		8D5E20CD20C2837F008E6D70 /* Werkstuk_2UITests */ = {
			isa = PBXGroup;
			children = (
				8D5E20CE20C2837F008E6D70 /* Werkstuk_2UITests.swift */,
				8D5E20D020C2837F008E6D70 /* Info.plist */,
			);
			path = Werkstuk_2UITests;
			sourceTree = "<group>";
		};
/* End PBXGroup section */

/* Begin PBXNativeTarget section */
		8D5E20A720C2837D008E6D70 /* Werkstuk_2 */ = {
			isa = PBXNativeTarget;
			buildConfigurationList = 8D5E20D320C2837F008E6D70 /* Build configuration list for PBXNativeTarget "Werkstuk_2" */;
			buildPhases = (
				8D5E20A420C2837D008E6D70 /* Sources */,
				8D5E20A520C2837D008E6D70 /* Frameworks */,
				8D5E20A620C2837D008E6D70 /* Resources */,
			);
			buildRules = (
			);
			dependencies = (
			);
			name = Werkstuk_2;
			productName = Werkstuk_2;
			productReference = 8D5E20A820C2837D008E6D70 /* Werkstuk_2.app */;
			productType = "com.apple.product-type.application";
		};
		8D5E20BE20C2837F008E6D70 /* Werkstuk_2Tests */ = {
			isa = PBXNativeTarget;
			buildConfigurationList = 8D5E20D620C2837F008E6D70 /* Build configuration list for PBXNativeTarget "Werkstuk_2Tests" */;
			buildPhases = (
				8D5E20BB20C2837F008E6D70 /* Sources */,
				8D5E20BC20C2837F008E6D70 /* Frameworks */,
				8D5E20BD20C2837F008E6D70 /* Resources */,
			);
			buildRules = (
			);
			dependencies = (
				8D5E20C120C2837F008E6D70 /* PBXTargetDependency */,
			);
			name = Werkstuk_2Tests;
			productName = Werkstuk_2Tests;
			productReference = 8D5E20BF20C2837F008E6D70 /* Werkstuk_2Tests.xctest */;
			productType = "com.apple.product-type.bundle.unit-test";
		};
		8D5E20C920C2837F008E6D70 /* Werkstuk_2UITests */ = {
			isa = PBXNativeTarget;
			buildConfigurationList = 8D5E20D920C2837F008E6D70 /* Build configuration list for PBXNativeTarget "Werkstuk_2UITests" */;
			buildPhases = (
				8D5E20C620C2837F008E6D70 /* Sources */,
				8D5E20C720C2837F008E6D70 /* Frameworks */,
				8D5E20C820C2837F008E6D70 /* Resources */,
			);
			buildRules = (
			);
			dependencies = (
				8D5E20CC20C2837F008E6D70 /* PBXTargetDependency */,
			);
			name = Werkstuk_2UITests;
			productName = Werkstuk_2UITests;
			productReference = 8D5E20CA20C2837F008E6D70 /* Werkstuk_2UITests.xctest */;
			productType = "com.apple.product-type.bundle.ui-testing";
		};
/* End PBXNativeTarget section */

/* Begin PBXProject section */
		8D5E20A020C2837D008E6D70 /* Project object */ = {
			isa = PBXProject;
			attributes = {
				LastSwiftUpdateCheck = 0940;
				LastUpgradeCheck = 0940;
				ORGANIZATIONNAME = "Stijn Rooselaers";
				TargetAttributes = {
					8D5E20A720C2837D008E6D70 = {
						CreatedOnToolsVersion = 9.4;
					};
					8D5E20BE20C2837F008E6D70 = {
						CreatedOnToolsVersion = 9.4;
						TestTargetID = 8D5E20A720C2837D008E6D70;
					};
					8D5E20C920C2837F008E6D70 = {
						CreatedOnToolsVersion = 9.4;
						TestTargetID = 8D5E20A720C2837D008E6D70;
					};
				};
			};
			buildConfigurationList = 8D5E20A320C2837D008E6D70 /* Build configuration list for PBXProject "Werkstuk_2" */;
			compatibilityVersion = "Xcode 9.3";
			developmentRegion = en;
			hasScannedForEncodings = 0;
			knownRegions = (
				en,
				Base,
			);
			mainGroup = 8D5E209F20C2837D008E6D70;
			productRefGroup = 8D5E20A920C2837D008E6D70 /* Products */;
			projectDirPath = "";
			projectRoot = "";
			targets = (
				8D5E20A720C2837D008E6D70 /* Werkstuk_2 */,
				8D5E20BE20C2837F008E6D70 /* Werkstuk_2Tests */,
				8D5E20C920C2837F008E6D70 /* Werkstuk_2UITests */,
			);
		};
/* End PBXProject section */

/* Begin PBXResourcesBuildPhase section */
		8D5E20A620C2837D008E6D70 /* Resources */ = {
			isa = PBXResourcesBuildPhase;
			buildActionMask = 2147483647;
			files = (
				8D5E20B920C2837E008E6D70 /* LaunchScreen.storyboard in Resources */,
				8D5E20B620C2837E008E6D70 /* Assets.xcassets in Resources */,
				8D5E20B120C2837D008E6D70 /* Main.storyboard in Resources */,
			);
			runOnlyForDeploymentPostprocessing = 0;
		};
		8D5E20BD20C2837F008E6D70 /* Resources */ = {
			isa = PBXResourcesBuildPhase;
			buildActionMask = 2147483647;
			files = (
			);
			runOnlyForDeploymentPostprocessing = 0;
		};
		8D5E20C820C2837F008E6D70 /* Resources */ = {
			isa = PBXResourcesBuildPhase;
			buildActionMask = 2147483647;
			files = (
			);
			runOnlyForDeploymentPostprocessing = 0;
		};
/* End PBXResourcesBuildPhase section */

/* Begin PBXSourcesBuildPhase section */
		8D5E20A420C2837D008E6D70 /* Sources */ = {
			isa = PBXSourcesBuildPhase;
			buildActionMask = 2147483647;
			files = (
				8D5E20AE20C2837D008E6D70 /* ViewController.swift in Sources */,
				8D5E20AC20C2837D008E6D70 /* AppDelegate.swift in Sources */,
				8D5E20B420C2837D008E6D70 /* Werkstuk_2.xcdatamodeld in Sources */,
			);
			runOnlyForDeploymentPostprocessing = 0;
		};
		8D5E20BB20C2837F008E6D70 /* Sources */ = {
			isa = PBXSourcesBuildPhase;
			buildActionMask = 2147483647;
			files = (
				8D5E20C420C2837F008E6D70 /* Werkstuk_2Tests.swift in Sources */,
			);
			runOnlyForDeploymentPostprocessing = 0;
		};
		8D5E20C620C2837F008E6D70 /* Sources */ = {
			isa = PBXSourcesBuildPhase;
			buildActionMask = 2147483647;
			files = (
				8D5E20CF20C2837F008E6D70 /* Werkstuk_2UITests.swift in Sources */,
			);
			runOnlyForDeploymentPostprocessing = 0;
		};
/* End PBXSourcesBuildPhase section */

/* Begin PBXTargetDependency section */
		8D5E20C120C2837F008E6D70 /* PBXTargetDependency */ = {
			isa = PBXTargetDependency;
			target = 8D5E20A720C2837D008E6D70 /* Werkstuk_2 */;
			targetProxy = 8D5E20C020C2837F008E6D70 /* PBXContainerItemProxy */;
		};
		8D5E20CC20C2837F008E6D70 /* PBXTargetDependency */ = {
			isa = PBXTargetDependency;
			target = 8D5E20A720C2837D008E6D70 /* Werkstuk_2 */;
			targetProxy = 8D5E20CB20C2837F008E6D70 /* PBXContainerItemProxy */;
		};
/* End PBXTargetDependency section */

/* Begin PBXVariantGroup section */
		8D5E20AF20C2837D008E6D70 /* Main.storyboard */ = {
			isa = PBXVariantGroup;
			children = (
				8D5E20B020C2837D008E6D70 /* Base */,
			);
			name = Main.storyboard;
			sourceTree = "<group>";
		};
		8D5E20B720C2837E008E6D70 /* LaunchScreen.storyboard */ = {
			isa = PBXVariantGroup;
			children = (
				8D5E20B820C2837E008E6D70 /* Base */,
			);
			name = LaunchScreen.storyboard;
			sourceTree = "<group>";
		};
/* End PBXVariantGroup section */

/* Begin XCBuildConfiguration section */
		8D5E20D120C2837F008E6D70 /* Debug */ = {
			isa = XCBuildConfiguration;
			buildSettings = {
				ALWAYS_SEARCH_USER_PATHS = NO;
				CLANG_ANALYZER_NONNULL = YES;
				CLANG_ANALYZER_NUMBER_OBJECT_CONVERSION = YES_AGGRESSIVE;
				CLANG_CXX_LANGUAGE_STANDARD = "gnu++14";
				CLANG_CXX_LIBRARY = "libc++";
				CLANG_ENABLE_MODULES = YES;
				CLANG_ENABLE_OBJC_ARC = YES;
				CLANG_ENABLE_OBJC_WEAK = YES;
				CLANG_WARN_BLOCK_CAPTURE_AUTORELEASING = YES;
				CLANG_WARN_BOOL_CONVERSION = YES;
				CLANG_WARN_COMMA = YES;
				CLANG_WARN_CONSTANT_CONVERSION = YES;
				CLANG_WARN_DEPRECATED_OBJC_IMPLEMENTATIONS = YES;
				CLANG_WARN_DIRECT_OBJC_ISA_USAGE = YES_ERROR;
				CLANG_WARN_DOCUMENTATION_COMMENTS = YES;
				CLANG_WARN_EMPTY_BODY = YES;
				CLANG_WARN_ENUM_CONVERSION = YES;
				CLANG_WARN_INFINITE_RECURSION = YES;
				CLANG_WARN_INT_CONVERSION = YES;
				CLANG_WARN_NON_LITERAL_NULL_CONVERSION = YES;
				CLANG_WARN_OBJC_IMPLICIT_RETAIN_SELF = YES;
				CLANG_WARN_OBJC_LITERAL_CONVERSION = YES;
				CLANG_WARN_OBJC_ROOT_CLASS = YES_ERROR;
				CLANG_WARN_RANGE_LOOP_ANALYSIS = YES;
				CLANG_WARN_STRICT_PROTOTYPES = YES;
				CLANG_WARN_SUSPICIOUS_MOVE = YES;
				CLANG_WARN_UNGUARDED_AVAILABILITY = YES_AGGRESSIVE;
				CLANG_WARN_UNREACHABLE_CODE = YES;
				CLANG_WARN__DUPLICATE_METHOD_MATCH = YES;
				CODE_SIGN_IDENTITY = "iPhone Developer";
				COPY_PHASE_STRIP = NO;
				DEBUG_INFORMATION_FORMAT = dwarf;
				ENABLE_STRICT_OBJC_MSGSEND = YES;
				ENABLE_TESTABILITY = YES;
				GCC_C_LANGUAGE_STANDARD = gnu11;
				GCC_DYNAMIC_NO_PIC = NO;
				GCC_NO_COMMON_BLOCKS = YES;
				GCC_OPTIMIZATION_LEVEL = 0;
				GCC_PREPROCESSOR_DEFINITIONS = (
					"DEBUG=1",
					"$(inherited)",
				);
				GCC_WARN_64_TO_32_BIT_CONVERSION = YES;
				GCC_WARN_ABOUT_RETURN_TYPE = YES_ERROR;
				GCC_WARN_UNDECLARED_SELECTOR = YES;
				GCC_WARN_UNINITIALIZED_AUTOS = YES_AGGRESSIVE;
				GCC_WARN_UNUSED_FUNCTION = YES;
				GCC_WARN_UNUSED_VARIABLE = YES;
				IPHONEOS_DEPLOYMENT_TARGET = 11.4;
				MTL_ENABLE_DEBUG_INFO = YES;
				ONLY_ACTIVE_ARCH = YES;
				SDKROOT = iphoneos;
				SWIFT_ACTIVE_COMPILATION_CONDITIONS = DEBUG;
				SWIFT_OPTIMIZATION_LEVEL = "-Onone";
			};
			name = Debug;
		};
		8D5E20D220C2837F008E6D70 /* Release */ = {
			isa = XCBuildConfiguration;
			buildSettings = {
				ALWAYS_SEARCH_USER_PATHS = NO;
				CLANG_ANALYZER_NONNULL = YES;
				CLANG_ANALYZER_NUMBER_OBJECT_CONVERSION = YES_AGGRESSIVE;
				CLANG_CXX_LANGUAGE_STANDARD = "gnu++14";
				CLANG_CXX_LIBRARY = "libc++";
				CLANG_ENABLE_MODULES = YES;
				CLANG_ENABLE_OBJC_ARC = YES;
				CLANG_ENABLE_OBJC_WEAK = YES;
				CLANG_WARN_BLOCK_CAPTURE_AUTORELEASING = YES;
				CLANG_WARN_BOOL_CONVERSION = YES;
				CLANG_WARN_COMMA = YES;
				CLANG_WARN_CONSTANT_CONVERSION = YES;
				CLANG_WARN_DEPRECATED_OBJC_IMPLEMENTATIONS = YES;
				CLANG_WARN_DIRECT_OBJC_ISA_USAGE = YES_ERROR;
				CLANG_WARN_DOCUMENTATION_COMMENTS = YES;
				CLANG_WARN_EMPTY_BODY = YES;
				CLANG_WARN_ENUM_CONVERSION = YES;
				CLANG_WARN_INFINITE_RECURSION = YES;
				CLANG_WARN_INT_CONVERSION = YES;
				CLANG_WARN_NON_LITERAL_NULL_CONVERSION = YES;
				CLANG_WARN_OBJC_IMPLICIT_RETAIN_SELF = YES;
				CLANG_WARN_OBJC_LITERAL_CONVERSION = YES;
				CLANG_WARN_OBJC_ROOT_CLASS = YES_ERROR;
				CLANG_WARN_RANGE_LOOP_ANALYSIS = YES;
				CLANG_WARN_STRICT_PROTOTYPES = YES;
				CLANG_WARN_SUSPICIOUS_MOVE = YES;
				CLANG_WARN_UNGUARDED_AVAILABILITY = YES_AGGRESSIVE;
				CLANG_WARN_UNREACHABLE_CODE = YES;
				CLANG_WARN__DUPLICATE_METHOD_MATCH = YES;
				CODE_SIGN_IDENTITY = "iPhone Developer";
				COPY_PHASE_STRIP = NO;
				DEBUG_INFORMATION_FORMAT = "dwarf-with-dsym";
				ENABLE_NS_ASSERTIONS = NO;
				ENABLE_STRICT_OBJC_MSGSEND = YES;
				GCC_C_LANGUAGE_STANDARD = gnu11;
				GCC_NO_COMMON_BLOCKS = YES;
				GCC_WARN_64_TO_32_BIT_CONVERSION = YES;
				GCC_WARN_ABOUT_RETURN_TYPE = YES_ERROR;
				GCC_WARN_UNDECLARED_SELECTOR = YES;
				GCC_WARN_UNINITIALIZED_AUTOS = YES_AGGRESSIVE;
				GCC_WARN_UNUSED_FUNCTION = YES;
				GCC_WARN_UNUSED_VARIABLE = YES;
				IPHONEOS_DEPLOYMENT_TARGET = 11.4;
				MTL_ENABLE_DEBUG_INFO = NO;
				SDKROOT = iphoneos;
				SWIFT_COMPILATION_MODE = wholemodule;
				SWIFT_OPTIMIZATION_LEVEL = "-O";
				VALIDATE_PRODUCT = YES;
			};
			name = Release;
		};
		8D5E20D420C2837F008E6D70 /* Debug */ = {
			isa = XCBuildConfiguration;
			buildSettings = {
				ASSETCATALOG_COMPILER_APPICON_NAME = AppIcon;
				CODE_SIGN_STYLE = Automatic;
				DEVELOPMENT_TEAM = D4WTAKC899;
				INFOPLIST_FILE = Werkstuk_2/Info.plist;
				LD_RUNPATH_SEARCH_PATHS = (
					"$(inherited)",
					"@executable_path/Frameworks",
				);
				PRODUCT_BUNDLE_IDENTIFIER = "Ehb.Werkstuk-2";
				PRODUCT_NAME = "$(TARGET_NAME)";
				SWIFT_VERSION = 4.0;
				TARGETED_DEVICE_FAMILY = "1,2";
			};
			name = Debug;
		};
		8D5E20D520C2837F008E6D70 /* Release */ = {
			isa = XCBuildConfiguration;
			buildSettings = {
				ASSETCATALOG_COMPILER_APPICON_NAME = AppIcon;
				CODE_SIGN_STYLE = Automatic;
				DEVELOPMENT_TEAM = D4WTAKC899;
				INFOPLIST_FILE = Werkstuk_2/Info.plist;
				LD_RUNPATH_SEARCH_PATHS = (
					"$(inherited)",
					"@executable_path/Frameworks",
				);
				PRODUCT_BUNDLE_IDENTIFIER = "Ehb.Werkstuk-2";
				PRODUCT_NAME = "$(TARGET_NAME)";
				SWIFT_VERSION = 4.0;
				TARGETED_DEVICE_FAMILY = "1,2";
			};
			name = Release;
		};
		8D5E20D720C2837F008E6D70 /* Debug */ = {
			isa = XCBuildConfiguration;
			buildSettings = {
				ALWAYS_EMBED_SWIFT_STANDARD_LIBRARIES = YES;
				BUNDLE_LOADER = "$(TEST_HOST)";
				CODE_SIGN_STYLE = Automatic;
				DEVELOPMENT_TEAM = D4WTAKC899;
				INFOPLIST_FILE = Werkstuk_2Tests/Info.plist;
				LD_RUNPATH_SEARCH_PATHS = (
					"$(inherited)",
					"@executable_path/Frameworks",
					"@loader_path/Frameworks",
				);
				PRODUCT_BUNDLE_IDENTIFIER = "Ehb.Werkstuk-2Tests";
				PRODUCT_NAME = "$(TARGET_NAME)";
				SWIFT_VERSION = 4.0;
				TARGETED_DEVICE_FAMILY = "1,2";
				TEST_HOST = "$(BUILT_PRODUCTS_DIR)/Werkstuk_2.app/Werkstuk_2";
			};
			name = Debug;
		};
		8D5E20D820C2837F008E6D70 /* Release */ = {
			isa = XCBuildConfiguration;
			buildSettings = {
				ALWAYS_EMBED_SWIFT_STANDARD_LIBRARIES = YES;
				BUNDLE_LOADER = "$(TEST_HOST)";
				CODE_SIGN_STYLE = Automatic;
				DEVELOPMENT_TEAM = D4WTAKC899;
				INFOPLIST_FILE = Werkstuk_2Tests/Info.plist;
				LD_RUNPATH_SEARCH_PATHS = (
					"$(inherited)",
					"@executable_path/Frameworks",
					"@loader_path/Frameworks",
				);
				PRODUCT_BUNDLE_IDENTIFIER = "Ehb.Werkstuk-2Tests";
				PRODUCT_NAME = "$(TARGET_NAME)";
				SWIFT_VERSION = 4.0;
				TARGETED_DEVICE_FAMILY = "1,2";
				TEST_HOST = "$(BUILT_PRODUCTS_DIR)/Werkstuk_2.app/Werkstuk_2";
			};
			name = Release;
		};
		8D5E20DA20C2837F008E6D70 /* Debug */ = {
			isa = XCBuildConfiguration;
			buildSettings = {
				ALWAYS_EMBED_SWIFT_STANDARD_LIBRARIES = YES;
				CODE_SIGN_STYLE = Automatic;
				DEVELOPMENT_TEAM = D4WTAKC899;
				INFOPLIST_FILE = Werkstuk_2UITests/Info.plist;
				LD_RUNPATH_SEARCH_PATHS = (
					"$(inherited)",
					"@executable_path/Frameworks",
					"@loader_path/Frameworks",
				);
				PRODUCT_BUNDLE_IDENTIFIER = "Ehb.Werkstuk-2UITests";
				PRODUCT_NAME = "$(TARGET_NAME)";
				SWIFT_VERSION = 4.0;
				TARGETED_DEVICE_FAMILY = "1,2";
				TEST_TARGET_NAME = Werkstuk_2;
			};
			name = Debug;
		};
		8D5E20DB20C2837F008E6D70 /* Release */ = {
			isa = XCBuildConfiguration;
			buildSettings = {
				ALWAYS_EMBED_SWIFT_STANDARD_LIBRARIES = YES;
				CODE_SIGN_STYLE = Automatic;
				DEVELOPMENT_TEAM = D4WTAKC899;
				INFOPLIST_FILE = Werkstuk_2UITests/Info.plist;
				LD_RUNPATH_SEARCH_PATHS = (
					"$(inherited)",
					"@executable_path/Frameworks",
					"@loader_path/Frameworks",
				);
				PRODUCT_BUNDLE_IDENTIFIER = "Ehb.Werkstuk-2UITests";
				PRODUCT_NAME = "$(TARGET_NAME)";
				SWIFT_VERSION = 4.0;
				TARGETED_DEVICE_FAMILY = "1,2";
				TEST_TARGET_NAME = Werkstuk_2;
			};
			name = Release;
		};
/* End XCBuildConfiguration section */

/* Begin XCConfigurationList section */
		8D5E20A320C2837D008E6D70 /* Build configuration list for PBXProject "Werkstuk_2" */ = {
			isa = XCConfigurationList;
			buildConfigurations = (
				8D5E20D120C2837F008E6D70 /* Debug */,
				8D5E20D220C2837F008E6D70 /* Release */,
			);
			defaultConfigurationIsVisible = 0;
			defaultConfigurationName = Release;
		};
		8D5E20D320C2837F008E6D70 /* Build configuration list for PBXNativeTarget "Werkstuk_2" */ = {
			isa = XCConfigurationList;
			buildConfigurations = (
				8D5E20D420C2837F008E6D70 /* Debug */,
				8D5E20D520C2837F008E6D70 /* Release */,
			);
			defaultConfigurationIsVisible = 0;
			defaultConfigurationName = Release;
		};
		8D5E20D620C2837F008E6D70 /* Build configuration list for PBXNativeTarget "Werkstuk_2Tests" */ = {
			isa = XCConfigurationList;
			buildConfigurations = (
				8D5E20D720C2837F008E6D70 /* Debug */,
				8D5E20D820C2837F008E6D70 /* Release */,
			);
			defaultConfigurationIsVisible = 0;
			defaultConfigurationName = Release;
		};
		8D5E20D920C2837F008E6D70 /* Build configuration list for PBXNativeTarget "Werkstuk_2UITests" */ = {
			isa = XCConfigurationList;
			buildConfigurations = (
				8D5E20DA20C2837F008E6D70 /* Debug */,
				8D5E20DB20C2837F008E6D70 /* Release */,
			);
			defaultConfigurationIsVisible = 0;
			defaultConfigurationName = Release;
		};
/* End XCConfigurationList section */

/* Begin XCVersionGroup section */
		8D5E20B220C2837D008E6D70 /* Werkstuk_2.xcdatamodeld */ = {
			isa = XCVersionGroup;
			children = (
				8D5E20B320C2837D008E6D70 /* Werkstuk_2.xcdatamodel */,
			);
			currentVersion = 8D5E20B320C2837D008E6D70 /* Werkstuk_2.xcdatamodel */;
			path = Werkstuk_2.xcdatamodeld;
			sourceTree = "<group>";
			versionGroupType = wrapper.xcdatamodel;
		};
/* End XCVersionGroup section */
	};
	rootObject = 8D5E20A020C2837D008E6D70 /* Project object */;
}
